
Microsoft Visual Studio Solution File, Format Version 12.00
# Visual Studio Version 16
VisualStudioVersion = 16.0.31702.278
MinimumVisualStudioVersion = 10.0.40219.1
Project("{FAE04EC0-301F-11D3-BF4B-00C04F79EFBC}") = "WaterColorSort", "WaterColorSort\WaterColorSort.csproj", "{ACB402A4-361F-4947-94D7-E6159628E4A9}"
EndProject
Global
	GlobalSection(SolutionConfigurationPlatforms) = preSolution
		Debug|Any CPU = Debug|Any CPU
		Release|Any CPU = Release|Any CPU
	EndGlobalSection
	GlobalSection(ProjectConfigurationPlatforms) = postSolution
		{ACB402A4-361F-4947-94D7-E6159628E4A9}.Debug|Any CPU.ActiveCfg = Debug|Any CPU
		{ACB402A4-361F-4947-94D7-E6159628E4A9}.Debug|Any CPU.Build.0 = Debug|Any CPU
		{ACB402A4-361F-4947-94D7-E6159628E4A9}.Release|Any CPU.ActiveCfg = Release|Any CPU
		{ACB402A4-361F-4947-94D7-E6159628E4A9}.Release|Any CPU.Build.0 = Release|Any CPU
	EndGlobalSection
	GlobalSection(SolutionProperties) = preSolution
		HideSolutionNode = FALSE
	EndGlobalSection
	GlobalSection(ExtensibilityGlobals) = postSolution
		SolutionGuid = {C9EB1A0C-85DD-4992-A700-066B32317AAB}
	EndGlobalSection
EndGlobal
